
Microsoft Visual Studio Solution File, Format Version 12.00
# Visual Studio Version 16
VisualStudioVersion = 16.0.31112.23
MinimumVisualStudioVersion = 10.0.40219.1
Project("{FAE04EC0-301F-11D3-BF4B-00C04F79EFBC}") = "SEN381 P3", "SEN381 P3\SEN381 P3.csproj", "{EE337423-9EF3-46B1-AB56-FB492D9BC119}"
EndProject
Project("{FAE04EC0-301F-11D3-BF4B-00C04F79EFBC}") = "DataAccessLayer", "DataAccessLayer\DataAccessLayer.csproj", "{16D30429-C01C-4DAB-85FA-666439872C11}"
EndProject
Global
	GlobalSection(SolutionConfigurationPlatforms) = preSolution
		Debug|Any CPU = Debug|Any CPU
		Release|Any CPU = Release|Any CPU
	EndGlobalSection
	GlobalSection(ProjectConfigurationPlatforms) = postSolution
		{EE337423-9EF3-46B1-AB56-FB492D9BC119}.Debug|Any CPU.ActiveCfg = Debug|Any CPU
		{EE337423-9EF3-46B1-AB56-FB492D9BC119}.Debug|Any CPU.Build.0 = Debug|Any CPU
		{EE337423-9EF3-46B1-AB56-FB492D9BC119}.Release|Any CPU.ActiveCfg = Release|Any CPU
		{EE337423-9EF3-46B1-AB56-FB492D9BC119}.Release|Any CPU.Build.0 = Release|Any CPU
		{16D30429-C01C-4DAB-85FA-666439872C11}.Debug|Any CPU.ActiveCfg = Debug|Any CPU
		{16D30429-C01C-4DAB-85FA-666439872C11}.Debug|Any CPU.Build.0 = Debug|Any CPU
		{16D30429-C01C-4DAB-85FA-666439872C11}.Release|Any CPU.ActiveCfg = Release|Any CPU
		{16D30429-C01C-4DAB-85FA-666439872C11}.Release|Any CPU.Build.0 = Release|Any CPU
	EndGlobalSection
	GlobalSection(SolutionProperties) = preSolution
		HideSolutionNode = FALSE
	EndGlobalSection
	GlobalSection(ExtensibilityGlobals) = postSolution
		SolutionGuid = {24672995-6005-4563-BE0F-0A2E6F1C0C4A}
	EndGlobalSection
EndGlobal
